
Microsoft Visual Studio Solution File, Format Version 12.00
# Visual Studio 2013
VisualStudioVersion = 12.0.21005.1
MinimumVisualStudioVersion = 10.0.40219.1
Project("{FAE04EC0-301F-11D3-BF4B-00C04F79EFBC}") = "Selenium.Automation.Framework", "Selenium.Automation.Framework\Selenium.Automation.Framework.csproj", "{CB3BE621-63C8-4960-AF0F-04F1A1CAF62B}"
EndProject
Project("{FAE04EC0-301F-11D3-BF4B-00C04F79EFBC}") = "Selenium.Automation.Framework.Example", "Selenium.Automation.Framework.Example\Selenium.Automation.Framework.Example.csproj", "{06C2DDD4-295E-479C-9805-80DF7036205F}"
EndProject
Project("{2150E333-8FDC-42A3-9474-1A3956D46DE8}") = "Solution Items", "Solution Items", "{05A876D3-7E05-46FF-92FA-312C18C3E4FF}"
	ProjectSection(SolutionItems) = preProject
		README.md = README.md
	EndProjectSection
EndProject
Global
	GlobalSection(SolutionConfigurationPlatforms) = preSolution
		Chrome|Any CPU = Chrome|Any CPU
		Firefox|Any CPU = Firefox|Any CPU
		InternetExplorer|Any CPU = InternetExplorer|Any CPU
	EndGlobalSection
	GlobalSection(ProjectConfigurationPlatforms) = postSolution
		{CB3BE621-63C8-4960-AF0F-04F1A1CAF62B}.Chrome|Any CPU.ActiveCfg = Chrome|Any CPU
		{CB3BE621-63C8-4960-AF0F-04F1A1CAF62B}.Chrome|Any CPU.Build.0 = Chrome|Any CPU
		{CB3BE621-63C8-4960-AF0F-04F1A1CAF62B}.Firefox|Any CPU.ActiveCfg = Firefox|Any CPU
		{CB3BE621-63C8-4960-AF0F-04F1A1CAF62B}.Firefox|Any CPU.Build.0 = Firefox|Any CPU
		{CB3BE621-63C8-4960-AF0F-04F1A1CAF62B}.InternetExplorer|Any CPU.ActiveCfg = InternetExplorer|Any CPU
		{CB3BE621-63C8-4960-AF0F-04F1A1CAF62B}.InternetExplorer|Any CPU.Build.0 = InternetExplorer|Any CPU
		{06C2DDD4-295E-479C-9805-80DF7036205F}.Chrome|Any CPU.ActiveCfg = Chrome|Any CPU
		{06C2DDD4-295E-479C-9805-80DF7036205F}.Chrome|Any CPU.Build.0 = Chrome|Any CPU
		{06C2DDD4-295E-479C-9805-80DF7036205F}.Firefox|Any CPU.ActiveCfg = Firefox|Any CPU
		{06C2DDD4-295E-479C-9805-80DF7036205F}.Firefox|Any CPU.Build.0 = Firefox|Any CPU
		{06C2DDD4-295E-479C-9805-80DF7036205F}.InternetExplorer|Any CPU.ActiveCfg = InternetExplorer|Any CPU
		{06C2DDD4-295E-479C-9805-80DF7036205F}.InternetExplorer|Any CPU.Build.0 = InternetExplorer|Any CPU
	EndGlobalSection
	GlobalSection(SolutionProperties) = preSolution
		HideSolutionNode = FALSE
	EndGlobalSection
EndGlobal
